
Microsoft Visual Studio Solution File, Format Version 12.00
# Visual Studio Version 17
VisualStudioVersion = 17.7.34024.191
MinimumVisualStudioVersion = 10.0.40219.1
Project("{FAE04EC0-301F-11D3-BF4B-00C04F79EFBC}") = "KursovaRobota", "KursovaRobota\KursovaRobota.csproj", "{F4474308-8928-455F-B5DA-66BD7421CA87}"
EndProject
Global
	GlobalSection(SolutionConfigurationPlatforms) = preSolution
		Debug|Any CPU = Debug|Any CPU
		Release|Any CPU = Release|Any CPU
	EndGlobalSection
	GlobalSection(ProjectConfigurationPlatforms) = postSolution
		{F4474308-8928-455F-B5DA-66BD7421CA87}.Debug|Any CPU.ActiveCfg = Debug|Any CPU
		{F4474308-8928-455F-B5DA-66BD7421CA87}.Debug|Any CPU.Build.0 = Debug|Any CPU
		{F4474308-8928-455F-B5DA-66BD7421CA87}.Release|Any CPU.ActiveCfg = Release|Any CPU
		{F4474308-8928-455F-B5DA-66BD7421CA87}.Release|Any CPU.Build.0 = Release|Any CPU
	EndGlobalSection
	GlobalSection(SolutionProperties) = preSolution
		HideSolutionNode = FALSE
	EndGlobalSection
	GlobalSection(ExtensibilityGlobals) = postSolution
		SolutionGuid = {EF7A796A-A48A-4409-9D51-AD643BFA62E9}
	EndGlobalSection
EndGlobal
